
Microsoft Visual Studio Solution File, Format Version 12.00
# Visual Studio Version 17
VisualStudioVersion = 17.8.34525.116
MinimumVisualStudioVersion = 10.0.40219.1
Project("{9A19103F-16F7-4668-BE54-9A1E7A4F7556}") = "Employement Advertisement Portal", "Employement Advertisement Portal\Employement Advertisement Portal.csproj", "{5989737B-C162-4662-9E4D-8679A2231935}"
	ProjectSection(ProjectDependencies) = postProject
		{0F26C1A4-3069-4715-9BBB-008C11CC2667} = {0F26C1A4-3069-4715-9BBB-008C11CC2667}
		{B885AD2F-E656-4C12-81BE-CE500A63C6F5} = {B885AD2F-E656-4C12-81BE-CE500A63C6F5}
		{D01F351F-4EAC-4A79-8549-0E4B55CA901F} = {D01F351F-4EAC-4A79-8549-0E4B55CA901F}
		{FE763ABE-BB46-4F4F-AEEB-E9736A755683} = {FE763ABE-BB46-4F4F-AEEB-E9736A755683}
	EndProjectSection
EndProject
Project("{2150E333-8FDC-42A3-9474-1A3956D46DE8}") = "BAL", "BAL", "{E044B7B3-08B7-4555-83D0-F8F98594CDB3}"
EndProject
Project("{2150E333-8FDC-42A3-9474-1A3956D46DE8}") = "ConfigurationManager", "ConfigurationManager", "{BEFD4E0B-1D2C-45CF-922B-48D25F5A8F4E}"
EndProject
Project("{2150E333-8FDC-42A3-9474-1A3956D46DE8}") = "Core", "Core", "{550F17CC-5DB8-4B73-B274-3BAE03A7CDB6}"
EndProject
Project("{2150E333-8FDC-42A3-9474-1A3956D46DE8}") = "DAL", "DAL", "{3EFF4DA4-94D0-4625-A609-232CFF8F4363}"
EndProject
Project("{2150E333-8FDC-42A3-9474-1A3956D46DE8}") = "ViewModel", "ViewModel", "{7F277272-5451-4254-8D65-7E8DDD37238C}"
EndProject
Project("{FAE04EC0-301F-11D3-BF4B-00C04F79EFBC}") = "EAP.BAL", "EAP.BAL\EAP.BAL.csproj", "{FE763ABE-BB46-4F4F-AEEB-E9736A755683}"
	ProjectSection(ProjectDependencies) = postProject
		{0F26C1A4-3069-4715-9BBB-008C11CC2667} = {0F26C1A4-3069-4715-9BBB-008C11CC2667}
		{B885AD2F-E656-4C12-81BE-CE500A63C6F5} = {B885AD2F-E656-4C12-81BE-CE500A63C6F5}
		{D01F351F-4EAC-4A79-8549-0E4B55CA901F} = {D01F351F-4EAC-4A79-8549-0E4B55CA901F}
	EndProjectSection
EndProject
Project("{FAE04EC0-301F-11D3-BF4B-00C04F79EFBC}") = "EAP.DAL", "EAP.DAL\EAP.DAL.csproj", "{D01F351F-4EAC-4A79-8549-0E4B55CA901F}"
	ProjectSection(ProjectDependencies) = postProject
		{0F26C1A4-3069-4715-9BBB-008C11CC2667} = {0F26C1A4-3069-4715-9BBB-008C11CC2667}
		{B885AD2F-E656-4C12-81BE-CE500A63C6F5} = {B885AD2F-E656-4C12-81BE-CE500A63C6F5}
	EndProjectSection
EndProject
Project("{FAE04EC0-301F-11D3-BF4B-00C04F79EFBC}") = "EAP.Core", "EAP.Core\EAP.Core.csproj", "{0F26C1A4-3069-4715-9BBB-008C11CC2667}"
	ProjectSection(ProjectDependencies) = postProject
		{B885AD2F-E656-4C12-81BE-CE500A63C6F5} = {B885AD2F-E656-4C12-81BE-CE500A63C6F5}
		{F19429B8-6DA6-4AD0-B432-68BAD3C878B0} = {F19429B8-6DA6-4AD0-B432-68BAD3C878B0}
	EndProjectSection
EndProject
Project("{FAE04EC0-301F-11D3-BF4B-00C04F79EFBC}") = "EAP.ConfigurationManager", "EAP.ConfigurationManager\EAP.ConfigurationManager.csproj", "{F19429B8-6DA6-4AD0-B432-68BAD3C878B0}"
EndProject
Project("{FAE04EC0-301F-11D3-BF4B-00C04F79EFBC}") = "EAP.ViewModel", "EAP.ViewModel\EAP.ViewModel.csproj", "{B885AD2F-E656-4C12-81BE-CE500A63C6F5}"
EndProject
Global
	GlobalSection(SolutionConfigurationPlatforms) = preSolution
		Debug|Any CPU = Debug|Any CPU
		Release|Any CPU = Release|Any CPU
	EndGlobalSection
	GlobalSection(ProjectConfigurationPlatforms) = postSolution
		{5989737B-C162-4662-9E4D-8679A2231935}.Debug|Any CPU.ActiveCfg = Debug|Any CPU
		{5989737B-C162-4662-9E4D-8679A2231935}.Debug|Any CPU.Build.0 = Debug|Any CPU
		{5989737B-C162-4662-9E4D-8679A2231935}.Release|Any CPU.ActiveCfg = Release|Any CPU
		{5989737B-C162-4662-9E4D-8679A2231935}.Release|Any CPU.Build.0 = Release|Any CPU
		{FE763ABE-BB46-4F4F-AEEB-E9736A755683}.Debug|Any CPU.ActiveCfg = Debug|Any CPU
		{FE763ABE-BB46-4F4F-AEEB-E9736A755683}.Debug|Any CPU.Build.0 = Debug|Any CPU
		{FE763ABE-BB46-4F4F-AEEB-E9736A755683}.Release|Any CPU.ActiveCfg = Release|Any CPU
		{FE763ABE-BB46-4F4F-AEEB-E9736A755683}.Release|Any CPU.Build.0 = Release|Any CPU
		{D01F351F-4EAC-4A79-8549-0E4B55CA901F}.Debug|Any CPU.ActiveCfg = Debug|Any CPU
		{D01F351F-4EAC-4A79-8549-0E4B55CA901F}.Debug|Any CPU.Build.0 = Debug|Any CPU
		{D01F351F-4EAC-4A79-8549-0E4B55CA901F}.Release|Any CPU.ActiveCfg = Release|Any CPU
		{D01F351F-4EAC-4A79-8549-0E4B55CA901F}.Release|Any CPU.Build.0 = Release|Any CPU
		{0F26C1A4-3069-4715-9BBB-008C11CC2667}.Debug|Any CPU.ActiveCfg = Debug|Any CPU
		{0F26C1A4-3069-4715-9BBB-008C11CC2667}.Debug|Any CPU.Build.0 = Debug|Any CPU
		{0F26C1A4-3069-4715-9BBB-008C11CC2667}.Release|Any CPU.ActiveCfg = Release|Any CPU
		{0F26C1A4-3069-4715-9BBB-008C11CC2667}.Release|Any CPU.Build.0 = Release|Any CPU
		{F19429B8-6DA6-4AD0-B432-68BAD3C878B0}.Debug|Any CPU.ActiveCfg = Debug|Any CPU
		{F19429B8-6DA6-4AD0-B432-68BAD3C878B0}.Debug|Any CPU.Build.0 = Debug|Any CPU
		{F19429B8-6DA6-4AD0-B432-68BAD3C878B0}.Release|Any CPU.ActiveCfg = Release|Any CPU
		{F19429B8-6DA6-4AD0-B432-68BAD3C878B0}.Release|Any CPU.Build.0 = Release|Any CPU
		{B885AD2F-E656-4C12-81BE-CE500A63C6F5}.Debug|Any CPU.ActiveCfg = Debug|Any CPU
		{B885AD2F-E656-4C12-81BE-CE500A63C6F5}.Debug|Any CPU.Build.0 = Debug|Any CPU
		{B885AD2F-E656-4C12-81BE-CE500A63C6F5}.Release|Any CPU.ActiveCfg = Release|Any CPU
		{B885AD2F-E656-4C12-81BE-CE500A63C6F5}.Release|Any CPU.Build.0 = Release|Any CPU
	EndGlobalSection
	GlobalSection(SolutionProperties) = preSolution
		HideSolutionNode = FALSE
	EndGlobalSection
	GlobalSection(NestedProjects) = preSolution
		{FE763ABE-BB46-4F4F-AEEB-E9736A755683} = {E044B7B3-08B7-4555-83D0-F8F98594CDB3}
		{D01F351F-4EAC-4A79-8549-0E4B55CA901F} = {3EFF4DA4-94D0-4625-A609-232CFF8F4363}
		{0F26C1A4-3069-4715-9BBB-008C11CC2667} = {550F17CC-5DB8-4B73-B274-3BAE03A7CDB6}
		{F19429B8-6DA6-4AD0-B432-68BAD3C878B0} = {BEFD4E0B-1D2C-45CF-922B-48D25F5A8F4E}
		{B885AD2F-E656-4C12-81BE-CE500A63C6F5} = {7F277272-5451-4254-8D65-7E8DDD37238C}
	EndGlobalSection
	GlobalSection(ExtensibilityGlobals) = postSolution
		SolutionGuid = {ADD2BEA9-A8E8-49B4-AE99-91BD00F137B3}
	EndGlobalSection
EndGlobal
